// !$*UTF8*$!
{
	archiveVersion = 1;
	classes = {
	};
	objectVersion = 50;
	objects = {

/* Begin PBXAggregateTarget section */
		E255F9C5218ABC93009AE396 /* HUD-Universal */ = {
			isa = PBXAggregateTarget;
			buildConfigurationList = E255F9C6218ABC93009AE396 /* Build configuration list for PBXAggregateTarget "HUD-Universal" */;
			buildPhases = (
				E255F9C9218ABC9A009AE396 /* ShellScript */,
			);
			dependencies = (
			);
			name = "HUD-Universal";
			productName = HUD;
		};
/* End PBXAggregateTarget section */

/* Begin PBXBuildFile section */
		E223BF4F219024EA00831D50 /* Util.h in Headers */ = {isa = PBXBuildFile; fileRef = E223BF4D219024EA00831D50 /* Util.h */; };
		E223BF50219024EA00831D50 /* Util.m in Sources */ = {isa = PBXBuildFile; fileRef = E223BF4E219024EA00831D50 /* Util.m */; };
		E255F9B5218AB756009AE396 /* HudFramework.framework in Frameworks */ = {isa = PBXBuildFile; fileRef = E255F9AB218AB756009AE396 /* HudFramework.framework */; };
		E255F9BA218AB757009AE396 /* HudFrameworkTests.m in Sources */ = {isa = PBXBuildFile; fileRef = E255F9B9218AB757009AE396 /* HudFrameworkTests.m */; };
		E255F9CD218AE61A009AE396 /* CoreBluetooth.framework in Frameworks */ = {isa = PBXBuildFile; fileRef = E255F9CC218AE61A009AE396 /* CoreBluetooth.framework */; };
		E255F9D3218AE88B009AE396 /* BLE.h in Headers */ = {isa = PBXBuildFile; fileRef = E255F9D0218AE88B009AE396 /* BLE.h */; settings = {ATTRIBUTES = (Public, ); }; };
		E255F9D4218AE88B009AE396 /* BLEDefines.h in Headers */ = {isa = PBXBuildFile; fileRef = E255F9D1218AE88B009AE396 /* BLEDefines.h */; };
		E255F9D5218AE88B009AE396 /* BLE.m in Sources */ = {isa = PBXBuildFile; fileRef = E255F9D2218AE88B009AE396 /* BLE.m */; };
		E255F9DB218AE922009AE396 /* BLEData.m in Sources */ = {isa = PBXBuildFile; fileRef = E255F9D8218AE922009AE396 /* BLEData.m */; };
		E255F9DC218AE922009AE396 /* BLEData.h in Headers */ = {isa = PBXBuildFile; fileRef = E255F9D9218AE922009AE396 /* BLEData.h */; settings = {ATTRIBUTES = (Public, ); }; };
		E255F9E0218AEC32009AE396 /* PontusHUDSettings.h in Headers */ = {isa = PBXBuildFile; fileRef = E255F9DE218AEC32009AE396 /* PontusHUDSettings.h */; settings = {ATTRIBUTES = (Public, ); }; };
		E255F9E1218AEC32009AE396 /* PontusHUDSettings.m in Sources */ = {isa = PBXBuildFile; fileRef = E255F9DF218AEC32009AE396 /* PontusHUDSettings.m */; };
		E255F9E3218AEC52009AE396 /* UIKit.framework in Frameworks */ = {isa = PBXBuildFile; fileRef = E255F9E2218AEC52009AE396 /* UIKit.framework */; };
		E29EC2E5218FEDB400DB2E9F /* DefinePublic.h in Headers */ = {isa = PBXBuildFile; fileRef = E29EC2E4218FED8000DB2E9F /* DefinePublic.h */; };
		E29EC2E9218FF1BA00DB2E9F /* PontusProtocolManager.h in Headers */ = {isa = PBXBuildFile; fileRef = E29EC2E6218FF1B900DB2E9F /* PontusProtocolManager.h */; settings = {ATTRIBUTES = (Public, ); }; };
		E29EC2EA218FF1BA00DB2E9F /* PontusProtocolManager.m in Sources */ = {isa = PBXBuildFile; fileRef = E29EC2E7218FF1BA00DB2E9F /* PontusProtocolManager.m */; };
		E29EC2EB218FF1BA00DB2E9F /* ProtocolManagerProtocol.h in Headers */ = {isa = PBXBuildFile; fileRef = E29EC2E8218FF1BA00DB2E9F /* ProtocolManagerProtocol.h */; };
		E2D4776A218AF25000CD4628 /* PontusHUDManager.h in Headers */ = {isa = PBXBuildFile; fileRef = E2D47768218AF25000CD4628 /* PontusHUDManager.h */; settings = {ATTRIBUTES = (Public, ); }; };
		E2D4776B218AF25000CD4628 /* PontusHUDManager.m in Sources */ = {isa = PBXBuildFile; fileRef = E2D47769218AF25000CD4628 /* PontusHUDManager.m */; };
		E2EA40BB2191708E0031444C /* MappyModel.h in Headers */ = {isa = PBXBuildFile; fileRef = E2EA40AF2191708E0031444C /* MappyModel.h */; };
		E2EA40BC2191708E0031444C /* BasicInfo.h in Headers */ = {isa = PBXBuildFile; fileRef = E2EA40B02191708E0031444C /* BasicInfo.h */; };
		E2EA40BD2191708E0031444C /* CurTurnInfo.m in Sources */ = {isa = PBXBuildFile; fileRef = E2EA40B12191708E0031444C /* CurTurnInfo.m */; };
		E2EA40BE2191708E0031444C /* NextTurnInfo.m in Sources */ = {isa = PBXBuildFile; fileRef = E2EA40B22191708E0031444C /* NextTurnInfo.m */; };
		E2EA40BF2191708E0031444C /* BasicInfo.m in Sources */ = {isa = PBXBuildFile; fileRef = E2EA40B32191708E0031444C /* BasicInfo.m */; };
		E2EA40C02191708E0031444C /* MappyModel.m in Sources */ = {isa = PBXBuildFile; fileRef = E2EA40B42191708E0031444C /* MappyModel.m */; };
		E2EA40C12191708E0031444C /* SafeInfo.h in Headers */ = {isa = PBXBuildFile; fileRef = E2EA40B62191708E0031444C /* SafeInfo.h */; };
		E2EA40C22191708E0031444C /* SafeInfo.m in Sources */ = {isa = PBXBuildFile; fileRef = E2EA40B72191708E0031444C /* SafeInfo.m */; };
		E2EA40C32191708E0031444C /* NextTurnInfo.h in Headers */ = {isa = PBXBuildFile; fileRef = E2EA40B82191708E0031444C /* NextTurnInfo.h */; };
		E2EA40C42191708E0031444C /* CurTurnInfo.h in Headers */ = {isa = PBXBuildFile; fileRef = E2EA40B92191708E0031444C /* CurTurnInfo.h */; };
		E2EA40CB2191770C0031444C /* HighWayInfo.h in Headers */ = {isa = PBXBuildFile; fileRef = E2EA40C92191770C0031444C /* HighWayInfo.h */; };
		E2EA40CC2191770C0031444C /* HighWayInfo.m in Sources */ = {isa = PBXBuildFile; fileRef = E2EA40CA2191770C0031444C /* HighWayInfo.m */; };
		E2F18566218C02E20054C710 /* HUDService.h in Headers */ = {isa = PBXBuildFile; fileRef = E2F18564218C02E20054C710 /* HUDService.h */; };
		E2F18567218C02E20054C710 /* HUDService.m in Sources */ = {isa = PBXBuildFile; fileRef = E2F18565218C02E20054C710 /* HUDService.m */; };
		E2F1856B218C03120054C710 /* BLEItem.h in Headers */ = {isa = PBXBuildFile; fileRef = E2F18569218C03120054C710 /* BLEItem.h */; };
		E2F1856C218C03120054C710 /* BLEItem.m in Sources */ = {isa = PBXBuildFile; fileRef = E2F1856A218C03120054C710 /* BLEItem.m */; };
		E2F18577218C52A30054C710 /* AppDelegate.m in Sources */ = {isa = PBXBuildFile; fileRef = E2F18576218C52A30054C710 /* AppDelegate.m */; };
		E2F1857A218C52A30054C710 /* ViewController.m in Sources */ = {isa = PBXBuildFile; fileRef = E2F18579218C52A30054C710 /* ViewController.m */; };
		E2F1857D218C52A30054C710 /* Main.storyboard in Resources */ = {isa = PBXBuildFile; fileRef = E2F1857B218C52A30054C710 /* Main.storyboard */; };
		E2F1857F218C52A50054C710 /* Assets.xcassets in Resources */ = {isa = PBXBuildFile; fileRef = E2F1857E218C52A50054C710 /* Assets.xcassets */; };
		E2F18582218C52A50054C710 /* LaunchScreen.storyboard in Resources */ = {isa = PBXBuildFile; fileRef = E2F18580218C52A50054C710 /* LaunchScreen.storyboard */; };
		E2F18585218C52A50054C710 /* main.m in Sources */ = {isa = PBXBuildFile; fileRef = E2F18584218C52A50054C710 /* main.m */; };
		E2F1858F218C52A50054C710 /* TestHudFrameWorkTests.m in Sources */ = {isa = PBXBuildFile; fileRef = E2F1858E218C52A50054C710 /* TestHudFrameWorkTests.m */; };
		E2F1859A218C52A50054C710 /* TestHudFrameWorkUITests.m in Sources */ = {isa = PBXBuildFile; fileRef = E2F18599218C52A50054C710 /* TestHudFrameWorkUITests.m */; };
		E2F185A5218C533B0054C710 /* HudFramework.framework in Frameworks */ = {isa = PBXBuildFile; fileRef = E255F9AB218AB756009AE396 /* HudFramework.framework */; };
		E2F185A6218C534F0054C710 /* HudFramework.framework in Frameworks */ = {isa = PBXBuildFile; fileRef = E255F9AB218AB756009AE396 /* HudFramework.framework */; };
		E2F185A7218C534F0054C710 /* HudFramework.framework in Embed Frameworks */ = {isa = PBXBuildFile; fileRef = E255F9AB218AB756009AE396 /* HudFramework.framework */; settings = {ATTRIBUTES = (CodeSignOnCopy, RemoveHeadersOnCopy, ); }; };
/* End PBXBuildFile section */

/* Begin PBXContainerItemProxy section */
		E255F9B6218AB756009AE396 /* PBXContainerItemProxy */ = {
			isa = PBXContainerItemProxy;
			containerPortal = E255F9A2218AB756009AE396 /* Project object */;
			proxyType = 1;
			remoteGlobalIDString = E255F9AA218AB756009AE396;
			remoteInfo = HudFramework;
		};
		E2F1858B218C52A50054C710 /* PBXContainerItemProxy */ = {
			isa = PBXContainerItemProxy;
			containerPortal = E255F9A2218AB756009AE396 /* Project object */;
			proxyType = 1;
			remoteGlobalIDString = E2F18572218C52A30054C710;
			remoteInfo = TestHudFrameWork;
		};
		E2F18596218C52A50054C710 /* PBXContainerItemProxy */ = {
			isa = PBXContainerItemProxy;
			containerPortal = E255F9A2218AB756009AE396 /* Project object */;
			proxyType = 1;
			remoteGlobalIDString = E2F18572218C52A30054C710;
			remoteInfo = TestHudFrameWork;
		};
		E2F185A8218C534F0054C710 /* PBXContainerItemProxy */ = {
			isa = PBXContainerItemProxy;
			containerPortal = E255F9A2218AB756009AE396 /* Project object */;
			proxyType = 1;
			remoteGlobalIDString = E255F9AA218AB756009AE396;
			remoteInfo = HudFramework;
		};
/* End PBXContainerItemProxy section */

/* Begin PBXCopyFilesBuildPhase section */
		E2F185AA218C534F0054C710 /* Embed Frameworks */ = {
			isa = PBXCopyFilesBuildPhase;
			buildActionMask = 2147483647;
			dstPath = "";
			dstSubfolderSpec = 10;
			files = (
				E2F185A7218C534F0054C710 /* HudFramework.framework in Embed Frameworks */,
			);
			name = "Embed Frameworks";
			runOnlyForDeploymentPostprocessing = 0;
		};
/* End PBXCopyFilesBuildPhase section */

/* Begin PBXFileReference section */
		E223BF4D219024EA00831D50 /* Util.h */ = {isa = PBXFileReference; lastKnownFileType = sourcecode.c.h; path = Util.h; sourceTree = "<group>"; };
		E223BF4E219024EA00831D50 /* Util.m */ = {isa = PBXFileReference; lastKnownFileType = sourcecode.c.objc; path = Util.m; sourceTree = "<group>"; };
		E255F9AB218AB756009AE396 /* HudFramework.framework */ = {isa = PBXFileReference; explicitFileType = wrapper.framework; includeInIndex = 0; path = HudFramework.framework; sourceTree = BUILT_PRODUCTS_DIR; };
		E255F9AF218AB756009AE396 /* Info.plist */ = {isa = PBXFileReference; lastKnownFileType = text.plist.xml; path = Info.plist; sourceTree = "<group>"; };
		E255F9B4218AB756009AE396 /* HudFrameworkTests.xctest */ = {isa = PBXFileReference; explicitFileType = wrapper.cfbundle; includeInIndex = 0; path = HudFrameworkTests.xctest; sourceTree = BUILT_PRODUCTS_DIR; };
		E255F9B9218AB757009AE396 /* HudFrameworkTests.m */ = {isa = PBXFileReference; lastKnownFileType = sourcecode.c.objc; path = HudFrameworkTests.m; sourceTree = "<group>"; };
		E255F9BB218AB757009AE396 /* Info.plist */ = {isa = PBXFileReference; lastKnownFileType = text.plist.xml; path = Info.plist; sourceTree = "<group>"; };
		E255F9CC218AE61A009AE396 /* CoreBluetooth.framework */ = {isa = PBXFileReference; lastKnownFileType = wrapper.framework; name = CoreBluetooth.framework; path = System/Library/Frameworks/CoreBluetooth.framework; sourceTree = SDKROOT; };
		E255F9D0218AE88B009AE396 /* BLE.h */ = {isa = PBXFileReference; fileEncoding = 4; lastKnownFileType = sourcecode.c.h; path = BLE.h; sourceTree = "<group>"; };
		E255F9D1218AE88B009AE396 /* BLEDefines.h */ = {isa = PBXFileReference; fileEncoding = 4; lastKnownFileType = sourcecode.c.h; path = BLEDefines.h; sourceTree = "<group>"; };
		E255F9D2218AE88B009AE396 /* BLE.m */ = {isa = PBXFileReference; fileEncoding = 4; lastKnownFileType = sourcecode.c.objc; path = BLE.m; sourceTree = "<group>"; };
		E255F9D8218AE922009AE396 /* BLEData.m */ = {isa = PBXFileReference; fileEncoding = 4; lastKnownFileType = sourcecode.c.objc; path = BLEData.m; sourceTree = "<group>"; };
		E255F9D9218AE922009AE396 /* BLEData.h */ = {isa = PBXFileReference; fileEncoding = 4; lastKnownFileType = sourcecode.c.h; path = BLEData.h; sourceTree = "<group>"; };
		E255F9DE218AEC32009AE396 /* PontusHUDSettings.h */ = {isa = PBXFileReference; lastKnownFileType = sourcecode.c.h; path = PontusHUDSettings.h; sourceTree = "<group>"; };
		E255F9DF218AEC32009AE396 /* PontusHUDSettings.m */ = {isa = PBXFileReference; lastKnownFileType = sourcecode.c.objc; path = PontusHUDSettings.m; sourceTree = "<group>"; };
		E255F9E2218AEC52009AE396 /* UIKit.framework */ = {isa = PBXFileReference; lastKnownFileType = wrapper.framework; name = UIKit.framework; path = System/Library/Frameworks/UIKit.framework; sourceTree = SDKROOT; };
		E29EC2E4218FED8000DB2E9F /* DefinePublic.h */ = {isa = PBXFileReference; lastKnownFileType = sourcecode.c.h; path = DefinePublic.h; sourceTree = "<group>"; };
		E29EC2E6218FF1B900DB2E9F /* PontusProtocolManager.h */ = {isa = PBXFileReference; fileEncoding = 4; lastKnownFileType = sourcecode.c.h; path = PontusProtocolManager.h; sourceTree = "<group>"; };
		E29EC2E7218FF1BA00DB2E9F /* PontusProtocolManager.m */ = {isa = PBXFileReference; fileEncoding = 4; lastKnownFileType = sourcecode.c.objc; path = PontusProtocolManager.m; sourceTree = "<group>"; };
		E29EC2E8218FF1BA00DB2E9F /* ProtocolManagerProtocol.h */ = {isa = PBXFileReference; fileEncoding = 4; lastKnownFileType = sourcecode.c.h; path = ProtocolManagerProtocol.h; sourceTree = "<group>"; };
		E2D47768218AF25000CD4628 /* PontusHUDManager.h */ = {isa = PBXFileReference; lastKnownFileType = sourcecode.c.h; path = PontusHUDManager.h; sourceTree = "<group>"; };
		E2D47769218AF25000CD4628 /* PontusHUDManager.m */ = {isa = PBXFileReference; lastKnownFileType = sourcecode.c.objc; path = PontusHUDManager.m; sourceTree = "<group>"; };
		E2EA40AF2191708E0031444C /* MappyModel.h */ = {isa = PBXFileReference; fileEncoding = 4; lastKnownFileType = sourcecode.c.h; path = MappyModel.h; sourceTree = "<group>"; };
		E2EA40B02191708E0031444C /* BasicInfo.h */ = {isa = PBXFileReference; fileEncoding = 4; lastKnownFileType = sourcecode.c.h; path = BasicInfo.h; sourceTree = "<group>"; };
		E2EA40B12191708E0031444C /* CurTurnInfo.m */ = {isa = PBXFileReference; fileEncoding = 4; lastKnownFileType = sourcecode.c.objc; path = CurTurnInfo.m; sourceTree = "<group>"; };
		E2EA40B22191708E0031444C /* NextTurnInfo.m */ = {isa = PBXFileReference; fileEncoding = 4; lastKnownFileType = sourcecode.c.objc; path = NextTurnInfo.m; sourceTree = "<group>"; };
		E2EA40B32191708E0031444C /* BasicInfo.m */ = {isa = PBXFileReference; fileEncoding = 4; lastKnownFileType = sourcecode.c.objc; path = BasicInfo.m; sourceTree = "<group>"; };
		E2EA40B42191708E0031444C /* MappyModel.m */ = {isa = PBXFileReference; fileEncoding = 4; lastKnownFileType = sourcecode.c.objc; path = MappyModel.m; sourceTree = "<group>"; };
		E2EA40B62191708E0031444C /* SafeInfo.h */ = {isa = PBXFileReference; fileEncoding = 4; lastKnownFileType = sourcecode.c.h; path = SafeInfo.h; sourceTree = "<group>"; };
		E2EA40B72191708E0031444C /* SafeInfo.m */ = {isa = PBXFileReference; fileEncoding = 4; lastKnownFileType = sourcecode.c.objc; path = SafeInfo.m; sourceTree = "<group>"; };
		E2EA40B82191708E0031444C /* NextTurnInfo.h */ = {isa = PBXFileReference; fileEncoding = 4; lastKnownFileType = sourcecode.c.h; path = NextTurnInfo.h; sourceTree = "<group>"; };
		E2EA40B92191708E0031444C /* CurTurnInfo.h */ = {isa = PBXFileReference; fileEncoding = 4; lastKnownFileType = sourcecode.c.h; path = CurTurnInfo.h; sourceTree = "<group>"; };
		E2EA40C92191770C0031444C /* HighWayInfo.h */ = {isa = PBXFileReference; lastKnownFileType = sourcecode.c.h; path = HighWayInfo.h; sourceTree = "<group>"; };
		E2EA40CA2191770C0031444C /* HighWayInfo.m */ = {isa = PBXFileReference; lastKnownFileType = sourcecode.c.objc; path = HighWayInfo.m; sourceTree = "<group>"; };
		E2F18561218BEFC60054C710 /* Constant.h */ = {isa = PBXFileReference; lastKnownFileType = sourcecode.c.h; path = Constant.h; sourceTree = "<group>"; };
		E2F18564218C02E20054C710 /* HUDService.h */ = {isa = PBXFileReference; lastKnownFileType = sourcecode.c.h; path = HUDService.h; sourceTree = "<group>"; };
		E2F18565218C02E20054C710 /* HUDService.m */ = {isa = PBXFileReference; lastKnownFileType = sourcecode.c.objc; path = HUDService.m; sourceTree = "<group>"; };
		E2F18569218C03120054C710 /* BLEItem.h */ = {isa = PBXFileReference; lastKnownFileType = sourcecode.c.h; path = BLEItem.h; sourceTree = "<group>"; };
		E2F1856A218C03120054C710 /* BLEItem.m */ = {isa = PBXFileReference; lastKnownFileType = sourcecode.c.objc; path = BLEItem.m; sourceTree = "<group>"; };
		E2F18573218C52A30054C710 /* TestHudFrameWork.app */ = {isa = PBXFileReference; explicitFileType = wrapper.application; includeInIndex = 0; path = TestHudFrameWork.app; sourceTree = BUILT_PRODUCTS_DIR; };
		E2F18575218C52A30054C710 /* AppDelegate.h */ = {isa = PBXFileReference; lastKnownFileType = sourcecode.c.h; path = AppDelegate.h; sourceTree = "<group>"; };
		E2F18576218C52A30054C710 /* AppDelegate.m */ = {isa = PBXFileReference; lastKnownFileType = sourcecode.c.objc; path = AppDelegate.m; sourceTree = "<group>"; };
		E2F18578218C52A30054C710 /* ViewController.h */ = {isa = PBXFileReference; lastKnownFileType = sourcecode.c.h; path = ViewController.h; sourceTree = "<group>"; };
		E2F18579218C52A30054C710 /* ViewController.m */ = {isa = PBXFileReference; lastKnownFileType = sourcecode.c.objc; path = ViewController.m; sourceTree = "<group>"; };
		E2F1857C218C52A30054C710 /* Base */ = {isa = PBXFileReference; lastKnownFileType = file.storyboard; name = Base; path = Base.lproj/Main.storyboard; sourceTree = "<group>"; };
		E2F1857E218C52A50054C710 /* Assets.xcassets */ = {isa = PBXFileReference; lastKnownFileType = folder.assetcatalog; path = Assets.xcassets; sourceTree = "<group>"; };
		E2F18581218C52A50054C710 /* Base */ = {isa = PBXFileReference; lastKnownFileType = file.storyboard; name = Base; path = Base.lproj/LaunchScreen.storyboard; sourceTree = "<group>"; };
		E2F18583218C52A50054C710 /* Info.plist */ = {isa = PBXFileReference; lastKnownFileType = text.plist.xml; path = Info.plist; sourceTree = "<group>"; };
		E2F18584218C52A50054C710 /* main.m */ = {isa = PBXFileReference; lastKnownFileType = sourcecode.c.objc; path = main.m; sourceTree = "<group>"; };
		E2F1858A218C52A50054C710 /* TestHudFrameWorkTests.xctest */ = {isa = PBXFileReference; explicitFileType = wrapper.cfbundle; includeInIndex = 0; path = TestHudFrameWorkTests.xctest; sourceTree = BUILT_PRODUCTS_DIR; };
		E2F1858E218C52A50054C710 /* TestHudFrameWorkTests.m */ = {isa = PBXFileReference; lastKnownFileType = sourcecode.c.objc; path = TestHudFrameWorkTests.m; sourceTree = "<group>"; };
		E2F18590218C52A50054C710 /* Info.plist */ = {isa = PBXFileReference; lastKnownFileType = text.plist.xml; path = Info.plist; sourceTree = "<group>"; };
		E2F18595218C52A50054C710 /* TestHudFrameWorkUITests.xctest */ = {isa = PBXFileReference; explicitFileType = wrapper.cfbundle; includeInIndex = 0; path = TestHudFrameWorkUITests.xctest; sourceTree = BUILT_PRODUCTS_DIR; };
		E2F18599218C52A50054C710 /* TestHudFrameWorkUITests.m */ = {isa = PBXFileReference; lastKnownFileType = sourcecode.c.objc; path = TestHudFrameWorkUITests.m; sourceTree = "<group>"; };
		E2F1859B218C52A50054C710 /* Info.plist */ = {isa = PBXFileReference; lastKnownFileType = text.plist.xml; path = Info.plist; sourceTree = "<group>"; };
/* End PBXFileReference section */

/* Begin PBXFrameworksBuildPhase section */
		E255F9A7218AB756009AE396 /* Frameworks */ = {
			isa = PBXFrameworksBuildPhase;
			buildActionMask = 2147483647;
			files = (
				E255F9E3218AEC52009AE396 /* UIKit.framework in Frameworks */,
				E255F9CD218AE61A009AE396 /* CoreBluetooth.framework in Frameworks */,
			);
			runOnlyForDeploymentPostprocessing = 0;
		};
		E255F9B1218AB756009AE396 /* Frameworks */ = {
			isa = PBXFrameworksBuildPhase;
			buildActionMask = 2147483647;
			files = (
				E255F9B5218AB756009AE396 /* HudFramework.framework in Frameworks */,
			);
			runOnlyForDeploymentPostprocessing = 0;
		};
		E2F18570218C52A30054C710 /* Frameworks */ = {
			isa = PBXFrameworksBuildPhase;
			buildActionMask = 2147483647;
			files = (
				E2F185A5218C533B0054C710 /* HudFramework.framework in Frameworks */,
				E2F185A6218C534F0054C710 /* HudFramework.framework in Frameworks */,
			);
			runOnlyForDeploymentPostprocessing = 0;
		};
		E2F18587218C52A50054C710 /* Frameworks */ = {
			isa = PBXFrameworksBuildPhase;
			buildActionMask = 2147483647;
			files = (
			);
			runOnlyForDeploymentPostprocessing = 0;
		};
		E2F18592218C52A50054C710 /* Frameworks */ = {
			isa = PBXFrameworksBuildPhase;
			buildActionMask = 2147483647;
			files = (
			);
			runOnlyForDeploymentPostprocessing = 0;
		};
/* End PBXFrameworksBuildPhase section */

/* Begin PBXGroup section */
		E255F9A1218AB756009AE396 = {
			isa = PBXGroup;
			children = (
				E255F9AD218AB756009AE396 /* HudFramework */,
				E255F9B8218AB756009AE396 /* HudFrameworkTests */,
				E2F18574218C52A30054C710 /* TestHudFrameWork */,
				E2F1858D218C52A50054C710 /* TestHudFrameWorkTests */,
				E2F18598218C52A50054C710 /* TestHudFrameWorkUITests */,
				E255F9AC218AB756009AE396 /* Products */,
				E255F9CB218AE61A009AE396 /* Frameworks */,
			);
			sourceTree = "<group>";
		};
		E255F9AC218AB756009AE396 /* Products */ = {
			isa = PBXGroup;
			children = (
				E255F9AB218AB756009AE396 /* HudFramework.framework */,
				E255F9B4218AB756009AE396 /* HudFrameworkTests.xctest */,
				E2F18573218C52A30054C710 /* TestHudFrameWork.app */,
				E2F1858A218C52A50054C710 /* TestHudFrameWorkTests.xctest */,
				E2F18595218C52A50054C710 /* TestHudFrameWorkUITests.xctest */,
			);
			name = Products;
			sourceTree = "<group>";
		};
		E255F9AD218AB756009AE396 /* HudFramework */ = {
			isa = PBXGroup;
			children = (
				E2F18568218C02FE0054C710 /* Model */,
				E2F18562218BFEFC0054C710 /* Service */,
				E2D47767218AF21F00CD4628 /* Handle */,
				E255F9DD218AEBF9009AE396 /* Setting */,
				E255F9D6218AE914009AE396 /* BLEData */,
				E255F9CF218AE88B009AE396 /* BLE */,
				E255F9AF218AB756009AE396 /* Info.plist */,
				E2F18561218BEFC60054C710 /* Constant.h */,
				E29EC2E4218FED8000DB2E9F /* DefinePublic.h */,
				E223BF4D219024EA00831D50 /* Util.h */,
				E223BF4E219024EA00831D50 /* Util.m */,
			);
			path = HudFramework;
			sourceTree = "<group>";
		};
		E255F9B8218AB756009AE396 /* HudFrameworkTests */ = {
			isa = PBXGroup;
			children = (
				E255F9B9218AB757009AE396 /* HudFrameworkTests.m */,
				E255F9BB218AB757009AE396 /* Info.plist */,
			);
			path = HudFrameworkTests;
			sourceTree = "<group>";
		};
		E255F9CB218AE61A009AE396 /* Frameworks */ = {
			isa = PBXGroup;
			children = (
				E255F9E2218AEC52009AE396 /* UIKit.framework */,
				E255F9CC218AE61A009AE396 /* CoreBluetooth.framework */,
			);
			name = Frameworks;
			sourceTree = "<group>";
		};
		E255F9CF218AE88B009AE396 /* BLE */ = {
			isa = PBXGroup;
			children = (
				E255F9D0218AE88B009AE396 /* BLE.h */,
				E255F9D1218AE88B009AE396 /* BLEDefines.h */,
				E255F9D2218AE88B009AE396 /* BLE.m */,
			);
			path = BLE;
			sourceTree = "<group>";
		};
		E255F9D6218AE914009AE396 /* BLEData */ = {
			isa = PBXGroup;
			children = (
				E255F9D9218AE922009AE396 /* BLEData.h */,
				E255F9D8218AE922009AE396 /* BLEData.m */,
			);
			path = BLEData;
			sourceTree = "<group>";
		};
		E255F9DD218AEBF9009AE396 /* Setting */ = {
			isa = PBXGroup;
			children = (
				E255F9DE218AEC32009AE396 /* PontusHUDSettings.h */,
				E255F9DF218AEC32009AE396 /* PontusHUDSettings.m */,
			);
			path = Setting;
			sourceTree = "<group>";
		};
		E2D47767218AF21F00CD4628 /* Handle */ = {
			isa = PBXGroup;
			children = (
				E29EC2E6218FF1B900DB2E9F /* PontusProtocolManager.h */,
				E29EC2E7218FF1BA00DB2E9F /* PontusProtocolManager.m */,
				E29EC2E8218FF1BA00DB2E9F /* ProtocolManagerProtocol.h */,
				E2D47768218AF25000CD4628 /* PontusHUDManager.h */,
				E2D47769218AF25000CD4628 /* PontusHUDManager.m */,
			);
			path = Handle;
			sourceTree = "<group>";
		};
		E2EA40AE2191708D0031444C /* Mappy */ = {
			isa = PBXGroup;
			children = (
				E2EA40AF2191708E0031444C /* MappyModel.h */,
				E2EA40B42191708E0031444C /* MappyModel.m */,
				E2EA40B12191708E0031444C /* CurTurnInfo.m */,
				E2EA40B92191708E0031444C /* CurTurnInfo.h */,
				E2EA40B22191708E0031444C /* NextTurnInfo.m */,
				E2EA40B82191708E0031444C /* NextTurnInfo.h */,
				E2EA40B32191708E0031444C /* BasicInfo.m */,
				E2EA40B02191708E0031444C /* BasicInfo.h */,
				E2EA40B52191708E0031444C /* MappySafe */,
				E2EA40BA2191708E0031444C /* MappyHighWay */,
			);
			path = Mappy;
			sourceTree = "<group>";
		};
		E2EA40B52191708E0031444C /* MappySafe */ = {
			isa = PBXGroup;
			children = (
				E2EA40B62191708E0031444C /* SafeInfo.h */,
				E2EA40B72191708E0031444C /* SafeInfo.m */,
			);
			path = MappySafe;
			sourceTree = "<group>";
		};
		E2EA40BA2191708E0031444C /* MappyHighWay */ = {
			isa = PBXGroup;
			children = (
				E2EA40C92191770C0031444C /* HighWayInfo.h */,
				E2EA40CA2191770C0031444C /* HighWayInfo.m */,
			);
			path = MappyHighWay;
			sourceTree = "<group>";
		};
		E2F18562218BFEFC0054C710 /* Service */ = {
			isa = PBXGroup;
			children = (
				E2F18564218C02E20054C710 /* HUDService.h */,
				E2F18565218C02E20054C710 /* HUDService.m */,
			);
			path = Service;
			sourceTree = "<group>";
		};
		E2F18568218C02FE0054C710 /* Model */ = {
			isa = PBXGroup;
			children = (
				E2EA40AE2191708D0031444C /* Mappy */,
				E2F18569218C03120054C710 /* BLEItem.h */,
				E2F1856A218C03120054C710 /* BLEItem.m */,
			);
			path = Model;
			sourceTree = "<group>";
		};
		E2F18574218C52A30054C710 /* TestHudFrameWork */ = {
			isa = PBXGroup;
			children = (
				E2F18575218C52A30054C710 /* AppDelegate.h */,
				E2F18576218C52A30054C710 /* AppDelegate.m */,
				E2F18578218C52A30054C710 /* ViewController.h */,
				E2F18579218C52A30054C710 /* ViewController.m */,
				E2F1857B218C52A30054C710 /* Main.storyboard */,
				E2F1857E218C52A50054C710 /* Assets.xcassets */,
				E2F18580218C52A50054C710 /* LaunchScreen.storyboard */,
				E2F18583218C52A50054C710 /* Info.plist */,
				E2F18584218C52A50054C710 /* main.m */,
			);
			path = TestHudFrameWork;
			sourceTree = "<group>";
		};
		E2F1858D218C52A50054C710 /* TestHudFrameWorkTests */ = {
			isa = PBXGroup;
			children = (
				E2F1858E218C52A50054C710 /* TestHudFrameWorkTests.m */,
				E2F18590218C52A50054C710 /* Info.plist */,
			);
			path = TestHudFrameWorkTests;
			sourceTree = "<group>";
		};
		E2F18598218C52A50054C710 /* TestHudFrameWorkUITests */ = {
			isa = PBXGroup;
			children = (
				E2F18599218C52A50054C710 /* TestHudFrameWorkUITests.m */,
				E2F1859B218C52A50054C710 /* Info.plist */,
			);
			path = TestHudFrameWorkUITests;
			sourceTree = "<group>";
		};
/* End PBXGroup section */

/* Begin PBXHeadersBuildPhase section */
		E255F9A8218AB756009AE396 /* Headers */ = {
			isa = PBXHeadersBuildPhase;
			buildActionMask = 2147483647;
			files = (
				E255F9DC218AE922009AE396 /* BLEData.h in Headers */,
				E255F9D3218AE88B009AE396 /* BLE.h in Headers */,
				E2F1856B218C03120054C710 /* BLEItem.h in Headers */,
				E255F9E0218AEC32009AE396 /* PontusHUDSettings.h in Headers */,
				E29EC2E9218FF1BA00DB2E9F /* PontusProtocolManager.h in Headers */,
				E2EA40C32191708E0031444C /* NextTurnInfo.h in Headers */,
				E2EA40C42191708E0031444C /* CurTurnInfo.h in Headers */,
				E2EA40C12191708E0031444C /* SafeInfo.h in Headers */,
				E2EA40CB2191770C0031444C /* HighWayInfo.h in Headers */,
				E2EA40BB2191708E0031444C /* MappyModel.h in Headers */,
				E2EA40BC2191708E0031444C /* BasicInfo.h in Headers */,
				E255F9D4218AE88B009AE396 /* BLEDefines.h in Headers */,
				E29EC2E5218FEDB400DB2E9F /* DefinePublic.h in Headers */,
				E29EC2EB218FF1BA00DB2E9F /* ProtocolManagerProtocol.h in Headers */,
				E223BF4F219024EA00831D50 /* Util.h in Headers */,
				E2F18566218C02E20054C710 /* HUDService.h in Headers */,
				E2D4776A218AF25000CD4628 /* PontusHUDManager.h in Headers */,
			);
			runOnlyForDeploymentPostprocessing = 0;
		};
/* End PBXHeadersBuildPhase section */

/* Begin PBXNativeTarget section */
		E255F9AA218AB756009AE396 /* HudFramework */ = {
			isa = PBXNativeTarget;
			buildConfigurationList = E255F9BF218AB757009AE396 /* Build configuration list for PBXNativeTarget "HudFramework" */;
			buildPhases = (
				E255F9A6218AB756009AE396 /* Sources */,
				E255F9A7218AB756009AE396 /* Frameworks */,
				E255F9A8218AB756009AE396 /* Headers */,
				E255F9A9218AB756009AE396 /* Resources */,
			);
			buildRules = (
			);
			dependencies = (
			);
			name = HudFramework;
			productName = HudFramework;
			productReference = E255F9AB218AB756009AE396 /* HudFramework.framework */;
			productType = "com.apple.product-type.framework";
		};
		E255F9B3218AB756009AE396 /* HudFrameworkTests */ = {
			isa = PBXNativeTarget;
			buildConfigurationList = E255F9C2218AB757009AE396 /* Build configuration list for PBXNativeTarget "HudFrameworkTests" */;
			buildPhases = (
				E255F9B0218AB756009AE396 /* Sources */,
				E255F9B1218AB756009AE396 /* Frameworks */,
				E255F9B2218AB756009AE396 /* Resources */,
			);
			buildRules = (
			);
			dependencies = (
				E255F9B7218AB756009AE396 /* PBXTargetDependency */,
			);
			name = HudFrameworkTests;
			productName = HudFrameworkTests;
			productReference = E255F9B4218AB756009AE396 /* HudFrameworkTests.xctest */;
			productType = "com.apple.product-type.bundle.unit-test";
		};
		E2F18572218C52A30054C710 /* TestHudFrameWork */ = {
			isa = PBXNativeTarget;
			buildConfigurationList = E2F1859C218C52A50054C710 /* Build configuration list for PBXNativeTarget "TestHudFrameWork" */;
			buildPhases = (
				E2F1856F218C52A30054C710 /* Sources */,
				E2F18570218C52A30054C710 /* Frameworks */,
				E2F18571218C52A30054C710 /* Resources */,
				E2F185AA218C534F0054C710 /* Embed Frameworks */,
			);
			buildRules = (
			);
			dependencies = (
				E2F185A9218C534F0054C710 /* PBXTargetDependency */,
			);
			name = TestHudFrameWork;
			productName = TestHudFrameWork;
			productReference = E2F18573218C52A30054C710 /* TestHudFrameWork.app */;
			productType = "com.apple.product-type.application";
		};
		E2F18589218C52A50054C710 /* TestHudFrameWorkTests */ = {
			isa = PBXNativeTarget;
			buildConfigurationList = E2F1859F218C52A50054C710 /* Build configuration list for PBXNativeTarget "TestHudFrameWorkTests" */;
			buildPhases = (
				E2F18586218C52A50054C710 /* Sources */,
				E2F18587218C52A50054C710 /* Frameworks */,
				E2F18588218C52A50054C710 /* Resources */,
			);
			buildRules = (
			);
			dependencies = (
				E2F1858C218C52A50054C710 /* PBXTargetDependency */,
			);
			name = TestHudFrameWorkTests;
			productName = TestHudFrameWorkTests;
			productReference = E2F1858A218C52A50054C710 /* TestHudFrameWorkTests.xctest */;
			productType = "com.apple.product-type.bundle.unit-test";
		};
		E2F18594218C52A50054C710 /* TestHudFrameWorkUITests */ = {
			isa = PBXNativeTarget;
			buildConfigurationList = E2F185A2218C52A50054C710 /* Build configuration list for PBXNativeTarget "TestHudFrameWorkUITests" */;
			buildPhases = (
				E2F18591218C52A50054C710 /* Sources */,
				E2F18592218C52A50054C710 /* Frameworks */,
				E2F18593218C52A50054C710 /* Resources */,
			);
			buildRules = (
			);
			dependencies = (
				E2F18597218C52A50054C710 /* PBXTargetDependency */,
			);
			name = TestHudFrameWorkUITests;
			productName = TestHudFrameWorkUITests;
			productReference = E2F18595218C52A50054C710 /* TestHudFrameWorkUITests.xctest */;
			productType = "com.apple.product-type.bundle.ui-testing";
		};
/* End PBXNativeTarget section */

/* Begin PBXProject section */
		E255F9A2218AB756009AE396 /* Project object */ = {
			isa = PBXProject;
			attributes = {
				LastUpgradeCheck = 0940;
				ORGANIZATIONNAME = HudFramework;
				TargetAttributes = {
					E255F9AA218AB756009AE396 = {
						CreatedOnToolsVersion = 9.4.1;
						LastSwiftMigration = 0940;
					};
					E255F9B3218AB756009AE396 = {
						CreatedOnToolsVersion = 9.4.1;
					};
					E255F9C5218ABC93009AE396 = {
						CreatedOnToolsVersion = 9.4.1;
					};
					E2F18572218C52A30054C710 = {
						CreatedOnToolsVersion = 10.0;
					};
					E2F18589218C52A50054C710 = {
						CreatedOnToolsVersion = 10.0;
						TestTargetID = E2F18572218C52A30054C710;
					};
					E2F18594218C52A50054C710 = {
						CreatedOnToolsVersion = 10.0;
						TestTargetID = E2F18572218C52A30054C710;
					};
				};
			};
			buildConfigurationList = E255F9A5218AB756009AE396 /* Build configuration list for PBXProject "HudFramework" */;
			compatibilityVersion = "Xcode 9.3";
			developmentRegion = en;
			hasScannedForEncodings = 0;
			knownRegions = (
				en,
				Base,
			);
			mainGroup = E255F9A1218AB756009AE396;
			productRefGroup = E255F9AC218AB756009AE396 /* Products */;
			projectDirPath = "";
			projectRoot = "";
			targets = (
				E255F9AA218AB756009AE396 /* HudFramework */,
				E255F9B3218AB756009AE396 /* HudFrameworkTests */,
				E255F9C5218ABC93009AE396 /* HUD-Universal */,
				E2F18572218C52A30054C710 /* TestHudFrameWork */,
				E2F18589218C52A50054C710 /* TestHudFrameWorkTests */,
				E2F18594218C52A50054C710 /* TestHudFrameWorkUITests */,
			);
		};
/* End PBXProject section */

/* Begin PBXResourcesBuildPhase section */
		E255F9A9218AB756009AE396 /* Resources */ = {
			isa = PBXResourcesBuildPhase;
			buildActionMask = 2147483647;
			files = (
			);
			runOnlyForDeploymentPostprocessing = 0;
		};
		E255F9B2218AB756009AE396 /* Resources */ = {
			isa = PBXResourcesBuildPhase;
			buildActionMask = 2147483647;
			files = (
			);
			runOnlyForDeploymentPostprocessing = 0;
		};
		E2F18571218C52A30054C710 /* Resources */ = {
			isa = PBXResourcesBuildPhase;
			buildActionMask = 2147483647;
			files = (
				E2F18582218C52A50054C710 /* LaunchScreen.storyboard in Resources */,
				E2F1857F218C52A50054C710 /* Assets.xcassets in Resources */,
				E2F1857D218C52A30054C710 /* Main.storyboard in Resources */,
			);
			runOnlyForDeploymentPostprocessing = 0;
		};
		E2F18588218C52A50054C710 /* Resources */ = {
			isa = PBXResourcesBuildPhase;
			buildActionMask = 2147483647;
			files = (
			);
			runOnlyForDeploymentPostprocessing = 0;
		};
		E2F18593218C52A50054C710 /* Resources */ = {
			isa = PBXResourcesBuildPhase;
			buildActionMask = 2147483647;
			files = (
			);
			runOnlyForDeploymentPostprocessing = 0;
		};
/* End PBXResourcesBuildPhase section */

/* Begin PBXShellScriptBuildPhase section */
		E255F9C9218ABC9A009AE396 /* ShellScript */ = {
			isa = PBXShellScriptBuildPhase;
			buildActionMask = 2147483647;
			files = (
			);
			inputPaths = (
			);
			outputPaths = (
			);
			runOnlyForDeploymentPostprocessing = 0;
			shellPath = /bin/sh;
			shellScript = "#!/bin/sh\n\nUNIVERSAL_OUTPUTFOLDER=${BUILD_DIR}/${CONFIGURATION}-universal\n\n# make sure the output directory exists\nmkdir -p \"${UNIVERSAL_OUTPUTFOLDER}\"\n\n# Step 1. Build Device and Simulator versions\nxcodebuild -target \"${PROJECT_NAME}\" ONLY_ACTIVE_ARCH=NO -configuration ${CONFIGURATION} -sdk iphoneos  BUILD_DIR=\"${BUILD_DIR}\" BUILD_ROOT=\"${BUILD_ROOT}\" clean build\nxcodebuild -target \"${PROJECT_NAME}\" -configuration ${CONFIGURATION} -sdk iphonesimulator ONLY_ACTIVE_ARCH=NO BUILD_DIR=\"${BUILD_DIR}\" BUILD_ROOT=\"${BUILD_ROOT}\" clean build\n\n# Step 2. Copy the framework structure (from iphoneos build) to the universal folder\ncp -R \"${BUILD_DIR}/${CONFIGURATION}-iphoneos/${PROJECT_NAME}.framework\" \"${UNIVERSAL_OUTPUTFOLDER}/\"\n\n# Step 3. Copy Swift modules from iphonesimulator build (if it exists) to the copied framework directory\nSIMULATOR_SWIFT_MODULES_DIR=\"${BUILD_DIR}/${CONFIGURATION}-iphonesimulator/${PROJECT_NAME}.framework/Modules/${PROJECT_NAME}.swiftmodule/.\"\nif [ -d \"${SIMULATOR_SWIFT_MODULES_DIR}\" ]; then\ncp -R \"${SIMULATOR_SWIFT_MODULES_DIR}\" \"${UNIVERSAL_OUTPUTFOLDER}/${PROJECT_NAME}.framework/Modules/${PROJECT_NAME}.swiftmodule\"\nfi\n\n# Step 4. Create universal binary file using lipo and place the combined executable in the copied framework directory\nlipo -create -output \"${UNIVERSAL_OUTPUTFOLDER}/${PROJECT_NAME}.framework/${PROJECT_NAME}\" \"${BUILD_DIR}/${CONFIGURATION}-iphonesimulator/${PROJECT_NAME}.framework/${PROJECT_NAME}\" \"${BUILD_DIR}/${CONFIGURATION}-iphoneos/${PROJECT_NAME}.framework/${PROJECT_NAME}\"\n\n# Step 5. Convenience step to copy the framework to the project's directory\ncp -R \"${UNIVERSAL_OUTPUTFOLDER}/${PROJECT_NAME}.framework\" \"${PROJECT_DIR}\"\n\n# Step 6. Convenience step to open the project's directory in Finder\nopen \"${PROJECT_DIR}\"\n";
		};
/* End PBXShellScriptBuildPhase section */

/* Begin PBXSourcesBuildPhase section */
		E255F9A6218AB756009AE396 /* Sources */ = {
			isa = PBXSourcesBuildPhase;
			buildActionMask = 2147483647;
			files = (
				E223BF50219024EA00831D50 /* Util.m in Sources */,
				E2EA40CC2191770C0031444C /* HighWayInfo.m in Sources */,
				E255F9E1218AEC32009AE396 /* PontusHUDSettings.m in Sources */,
				E29EC2EA218FF1BA00DB2E9F /* PontusProtocolManager.m in Sources */,
				E2EA40BD2191708E0031444C /* CurTurnInfo.m in Sources */,
				E2EA40BF2191708E0031444C /* BasicInfo.m in Sources */,
				E255F9D5218AE88B009AE396 /* BLE.m in Sources */,
				E255F9DB218AE922009AE396 /* BLEData.m in Sources */,
				E2EA40C02191708E0031444C /* MappyModel.m in Sources */,
				E2F18567218C02E20054C710 /* HUDService.m in Sources */,
				E2EA40C22191708E0031444C /* SafeInfo.m in Sources */,
				E2F1856C218C03120054C710 /* BLEItem.m in Sources */,
				E2D4776B218AF25000CD4628 /* PontusHUDManager.m in Sources */,
				E2EA40BE2191708E0031444C /* NextTurnInfo.m in Sources */,
			);
			runOnlyForDeploymentPostprocessing = 0;
		};
		E255F9B0218AB756009AE396 /* Sources */ = {
			isa = PBXSourcesBuildPhase;
			buildActionMask = 2147483647;
			files = (
				E255F9BA218AB757009AE396 /* HudFrameworkTests.m in Sources */,
			);
			runOnlyForDeploymentPostprocessing = 0;
		};
		E2F1856F218C52A30054C710 /* Sources */ = {
			isa = PBXSourcesBuildPhase;
			buildActionMask = 2147483647;
			files = (
				E2F1857A218C52A30054C710 /* ViewController.m in Sources */,
				E2F18585218C52A50054C710 /* main.m in Sources */,
				E2F18577218C52A30054C710 /* AppDelegate.m in Sources */,
			);
			runOnlyForDeploymentPostprocessing = 0;
		};
		E2F18586218C52A50054C710 /* Sources */ = {
			isa = PBXSourcesBuildPhase;
			buildActionMask = 2147483647;
			files = (
				E2F1858F218C52A50054C710 /* TestHudFrameWorkTests.m in Sources */,
			);
			runOnlyForDeploymentPostprocessing = 0;
		};
		E2F18591218C52A50054C710 /* Sources */ = {
			isa = PBXSourcesBuildPhase;
			buildActionMask = 2147483647;
			files = (
				E2F1859A218C52A50054C710 /* TestHudFrameWorkUITests.m in Sources */,
			);
			runOnlyForDeploymentPostprocessing = 0;
		};
/* End PBXSourcesBuildPhase section */

/* Begin PBXTargetDependency section */
		E255F9B7218AB756009AE396 /* PBXTargetDependency */ = {
			isa = PBXTargetDependency;
			target = E255F9AA218AB756009AE396 /* HudFramework */;
			targetProxy = E255F9B6218AB756009AE396 /* PBXContainerItemProxy */;
		};
		E2F1858C218C52A50054C710 /* PBXTargetDependency */ = {
			isa = PBXTargetDependency;
			target = E2F18572218C52A30054C710 /* TestHudFrameWork */;
			targetProxy = E2F1858B218C52A50054C710 /* PBXContainerItemProxy */;
		};
		E2F18597218C52A50054C710 /* PBXTargetDependency */ = {
			isa = PBXTargetDependency;
			target = E2F18572218C52A30054C710 /* TestHudFrameWork */;
			targetProxy = E2F18596218C52A50054C710 /* PBXContainerItemProxy */;
		};
		E2F185A9218C534F0054C710 /* PBXTargetDependency */ = {
			isa = PBXTargetDependency;
			target = E255F9AA218AB756009AE396 /* HudFramework */;
			targetProxy = E2F185A8218C534F0054C710 /* PBXContainerItemProxy */;
		};
/* End PBXTargetDependency section */

/* Begin PBXVariantGroup section */
		E2F1857B218C52A30054C710 /* Main.storyboard */ = {
			isa = PBXVariantGroup;
			children = (
				E2F1857C218C52A30054C710 /* Base */,
			);
			name = Main.storyboard;
			sourceTree = "<group>";
		};
		E2F18580218C52A50054C710 /* LaunchScreen.storyboard */ = {
			isa = PBXVariantGroup;
			children = (
				E2F18581218C52A50054C710 /* Base */,
			);
			name = LaunchScreen.storyboard;
			sourceTree = "<group>";
		};
/* End PBXVariantGroup section */

/* Begin XCBuildConfiguration section */
		E255F9BD218AB757009AE396 /* Debug */ = {
			isa = XCBuildConfiguration;
			buildSettings = {
				ALWAYS_SEARCH_USER_PATHS = NO;
				CLANG_ANALYZER_NONNULL = YES;
				CLANG_ANALYZER_NUMBER_OBJECT_CONVERSION = YES_AGGRESSIVE;
				CLANG_CXX_LANGUAGE_STANDARD = "gnu++14";
				CLANG_CXX_LIBRARY = "libc++";
				CLANG_ENABLE_MODULES = YES;
				CLANG_ENABLE_OBJC_ARC = YES;
				CLANG_ENABLE_OBJC_WEAK = YES;
				CLANG_WARN_BLOCK_CAPTURE_AUTORELEASING = YES;
				CLANG_WARN_BOOL_CONVERSION = YES;
				CLANG_WARN_COMMA = YES;
				CLANG_WARN_CONSTANT_CONVERSION = YES;
				CLANG_WARN_DEPRECATED_OBJC_IMPLEMENTATIONS = YES;
				CLANG_WARN_DIRECT_OBJC_ISA_USAGE = YES_ERROR;
				CLANG_WARN_DOCUMENTATION_COMMENTS = YES;
				CLANG_WARN_EMPTY_BODY = YES;
				CLANG_WARN_ENUM_CONVERSION = YES;
				CLANG_WARN_INFINITE_RECURSION = YES;
				CLANG_WARN_INT_CONVERSION = YES;
				CLANG_WARN_NON_LITERAL_NULL_CONVERSION = YES;
				CLANG_WARN_OBJC_IMPLICIT_RETAIN_SELF = YES;
				CLANG_WARN_OBJC_LITERAL_CONVERSION = YES;
				CLANG_WARN_OBJC_ROOT_CLASS = YES_ERROR;
				CLANG_WARN_RANGE_LOOP_ANALYSIS = YES;
				CLANG_WARN_STRICT_PROTOTYPES = YES;
				CLANG_WARN_SUSPICIOUS_MOVE = YES;
				CLANG_WARN_UNGUARDED_AVAILABILITY = YES_AGGRESSIVE;
				CLANG_WARN_UNREACHABLE_CODE = YES;
				CLANG_WARN__DUPLICATE_METHOD_MATCH = YES;
				CODE_SIGN_IDENTITY = "iPhone Developer";
				COPY_PHASE_STRIP = NO;
				CURRENT_PROJECT_VERSION = 1;
				DEBUG_INFORMATION_FORMAT = dwarf;
				ENABLE_STRICT_OBJC_MSGSEND = YES;
				ENABLE_TESTABILITY = YES;
				GCC_C_LANGUAGE_STANDARD = gnu11;
				GCC_DYNAMIC_NO_PIC = NO;
				GCC_NO_COMMON_BLOCKS = YES;
				GCC_OPTIMIZATION_LEVEL = 0;
				GCC_PREPROCESSOR_DEFINITIONS = (
					"DEBUG=1",
					"$(inherited)",
				);
				GCC_WARN_64_TO_32_BIT_CONVERSION = YES;
				GCC_WARN_ABOUT_RETURN_TYPE = YES_ERROR;
				GCC_WARN_UNDECLARED_SELECTOR = YES;
				GCC_WARN_UNINITIALIZED_AUTOS = YES_AGGRESSIVE;
				GCC_WARN_UNUSED_FUNCTION = YES;
				GCC_WARN_UNUSED_VARIABLE = YES;
				IPHONEOS_DEPLOYMENT_TARGET = 11.4;
				MTL_ENABLE_DEBUG_INFO = YES;
				ONLY_ACTIVE_ARCH = YES;
				SDKROOT = iphoneos;
				VERSIONING_SYSTEM = "apple-generic";
				VERSION_INFO_PREFIX = "";
			};
			name = Debug;
		};
		E255F9BE218AB757009AE396 /* Release */ = {
			isa = XCBuildConfiguration;
			buildSettings = {
				ALWAYS_SEARCH_USER_PATHS = NO;
				CLANG_ANALYZER_NONNULL = YES;
				CLANG_ANALYZER_NUMBER_OBJECT_CONVERSION = YES_AGGRESSIVE;
				CLANG_CXX_LANGUAGE_STANDARD = "gnu++14";
				CLANG_CXX_LIBRARY = "libc++";
				CLANG_ENABLE_MODULES = YES;
				CLANG_ENABLE_OBJC_ARC = YES;
				CLANG_ENABLE_OBJC_WEAK = YES;
				CLANG_WARN_BLOCK_CAPTURE_AUTORELEASING = YES;
				CLANG_WARN_BOOL_CONVERSION = YES;
				CLANG_WARN_COMMA = YES;
				CLANG_WARN_CONSTANT_CONVERSION = YES;
				CLANG_WARN_DEPRECATED_OBJC_IMPLEMENTATIONS = YES;
				CLANG_WARN_DIRECT_OBJC_ISA_USAGE = YES_ERROR;
				CLANG_WARN_DOCUMENTATION_COMMENTS = YES;
				CLANG_WARN_EMPTY_BODY = YES;
				CLANG_WARN_ENUM_CONVERSION = YES;
				CLANG_WARN_INFINITE_RECURSION = YES;
				CLANG_WARN_INT_CONVERSION = YES;
				CLANG_WARN_NON_LITERAL_NULL_CONVERSION = YES;
				CLANG_WARN_OBJC_IMPLICIT_RETAIN_SELF = YES;
				CLANG_WARN_OBJC_LITERAL_CONVERSION = YES;
				CLANG_WARN_OBJC_ROOT_CLASS = YES_ERROR;
				CLANG_WARN_RANGE_LOOP_ANALYSIS = YES;
				CLANG_WARN_STRICT_PROTOTYPES = YES;
				CLANG_WARN_SUSPICIOUS_MOVE = YES;
				CLANG_WARN_UNGUARDED_AVAILABILITY = YES_AGGRESSIVE;
				CLANG_WARN_UNREACHABLE_CODE = YES;
				CLANG_WARN__DUPLICATE_METHOD_MATCH = YES;
				CODE_SIGN_IDENTITY = "iPhone Developer";
				COPY_PHASE_STRIP = NO;
				CURRENT_PROJECT_VERSION = 1;
				DEBUG_INFORMATION_FORMAT = "dwarf-with-dsym";
				ENABLE_NS_ASSERTIONS = NO;
				ENABLE_STRICT_OBJC_MSGSEND = YES;
				GCC_C_LANGUAGE_STANDARD = gnu11;
				GCC_NO_COMMON_BLOCKS = YES;
				GCC_WARN_64_TO_32_BIT_CONVERSION = YES;
				GCC_WARN_ABOUT_RETURN_TYPE = YES_ERROR;
				GCC_WARN_UNDECLARED_SELECTOR = YES;
				GCC_WARN_UNINITIALIZED_AUTOS = YES_AGGRESSIVE;
				GCC_WARN_UNUSED_FUNCTION = YES;
				GCC_WARN_UNUSED_VARIABLE = YES;
				IPHONEOS_DEPLOYMENT_TARGET = 11.4;
				MTL_ENABLE_DEBUG_INFO = NO;
				SDKROOT = iphoneos;
				VALIDATE_PRODUCT = YES;
				VERSIONING_SYSTEM = "apple-generic";
				VERSION_INFO_PREFIX = "";
			};
			name = Release;
		};
		E255F9C0218AB757009AE396 /* Debug */ = {
			isa = XCBuildConfiguration;
			buildSettings = {
				CLANG_ENABLE_MODULES = YES;
				CODE_SIGN_IDENTITY = "";
				CODE_SIGN_STYLE = Manual;
				DEFINES_MODULE = YES;
				DEVELOPMENT_TEAM = "";
				DYLIB_COMPATIBILITY_VERSION = 1;
				DYLIB_CURRENT_VERSION = 1;
				DYLIB_INSTALL_NAME_BASE = "@rpath";
				INFOPLIST_FILE = HudFramework/Info.plist;
				INSTALL_PATH = "$(LOCAL_LIBRARY_DIR)/Frameworks";
				IPHONEOS_DEPLOYMENT_TARGET = 10.0;
				LD_RUNPATH_SEARCH_PATHS = (
					"$(inherited)",
					"@executable_path/Frameworks",
					"@loader_path/Frameworks",
				);
				PRODUCT_BUNDLE_IDENTIFIER = HudFramework.HudFramework;
				PRODUCT_NAME = "$(TARGET_NAME:c99extidentifier)";
				PROVISIONING_PROFILE_SPECIFIER = "";
				SKIP_INSTALL = YES;
				SWIFT_OPTIMIZATION_LEVEL = "-Onone";
				SWIFT_VERSION = 3.0;
				TARGETED_DEVICE_FAMILY = "1,2";
			};
			name = Debug;
		};
		E255F9C1218AB757009AE396 /* Release */ = {
			isa = XCBuildConfiguration;
			buildSettings = {
				CLANG_ENABLE_MODULES = YES;
				CODE_SIGN_IDENTITY = "";
				CODE_SIGN_STYLE = Manual;
				DEFINES_MODULE = YES;
				DEVELOPMENT_TEAM = "";
				DYLIB_COMPATIBILITY_VERSION = 1;
				DYLIB_CURRENT_VERSION = 1;
				DYLIB_INSTALL_NAME_BASE = "@rpath";
				INFOPLIST_FILE = HudFramework/Info.plist;
				INSTALL_PATH = "$(LOCAL_LIBRARY_DIR)/Frameworks";
				IPHONEOS_DEPLOYMENT_TARGET = 10.0;
				LD_RUNPATH_SEARCH_PATHS = (
					"$(inherited)",
					"@executable_path/Frameworks",
					"@loader_path/Frameworks",
				);
				ONLY_ACTIVE_ARCH = YES;
				PRODUCT_BUNDLE_IDENTIFIER = HudFramework.HudFramework;
				PRODUCT_NAME = "$(TARGET_NAME:c99extidentifier)";
				PROVISIONING_PROFILE_SPECIFIER = "";
				SKIP_INSTALL = YES;
				SWIFT_VERSION = 3.0;
				TARGETED_DEVICE_FAMILY = "1,2";
			};
			name = Release;
		};
		E255F9C3218AB757009AE396 /* Debug */ = {
			isa = XCBuildConfiguration;
			buildSettings = {
				CODE_SIGN_STYLE = Automatic;
				INFOPLIST_FILE = HudFrameworkTests/Info.plist;
				LD_RUNPATH_SEARCH_PATHS = (
					"$(inherited)",
					"@executable_path/Frameworks",
					"@loader_path/Frameworks",
				);
				PRODUCT_BUNDLE_IDENTIFIER = HudFramework.HudFrameworkTests;
				PRODUCT_NAME = "$(TARGET_NAME)";
				TARGETED_DEVICE_FAMILY = "1,2";
			};
			name = Debug;
		};
		E255F9C4218AB757009AE396 /* Release */ = {
			isa = XCBuildConfiguration;
			buildSettings = {
				CODE_SIGN_STYLE = Automatic;
				INFOPLIST_FILE = HudFrameworkTests/Info.plist;
				LD_RUNPATH_SEARCH_PATHS = (
					"$(inherited)",
					"@executable_path/Frameworks",
					"@loader_path/Frameworks",
				);
				PRODUCT_BUNDLE_IDENTIFIER = HudFramework.HudFrameworkTests;
				PRODUCT_NAME = "$(TARGET_NAME)";
				TARGETED_DEVICE_FAMILY = "1,2";
			};
			name = Release;
		};
		E255F9C7218ABC93009AE396 /* Debug */ = {
			isa = XCBuildConfiguration;
			buildSettings = {
				CODE_SIGN_STYLE = Automatic;
				PRODUCT_NAME = "$(TARGET_NAME)";
				"VALID_ARCHS[sdk=iphonesimulator*]" = x86_64;
			};
			name = Debug;
		};
		E255F9C8218ABC93009AE396 /* Release */ = {
			isa = XCBuildConfiguration;
			buildSettings = {
				CODE_SIGN_STYLE = Automatic;
				PRODUCT_NAME = "$(TARGET_NAME)";
			};
			name = Release;
		};
		E2F1859D218C52A50054C710 /* Debug */ = {
			isa = XCBuildConfiguration;
			buildSettings = {
				ASSETCATALOG_COMPILER_APPICON_NAME = AppIcon;
				CODE_SIGN_STYLE = Automatic;
				DEVELOPMENT_TEAM = 5NVKQW8KF4;
				ENABLE_BITCODE = NO;
				INFOPLIST_FILE = TestHudFrameWork/Info.plist;
				IPHONEOS_DEPLOYMENT_TARGET = 12.0;
				LD_RUNPATH_SEARCH_PATHS = (
					"$(inherited)",
					"@executable_path/Frameworks",
				);
				MTL_ENABLE_DEBUG_INFO = INCLUDE_SOURCE;
				MTL_FAST_MATH = YES;
				PRODUCT_BUNDLE_IDENTIFIER = HudFramework.TestHudFrameWork;
				PRODUCT_NAME = "$(TARGET_NAME)";
				TARGETED_DEVICE_FAMILY = "1,2";
				VALID_ARCHS = "arm64 armv7 armv7s i386";
			};
			name = Debug;
		};
		E2F1859E218C52A50054C710 /* Release */ = {
			isa = XCBuildConfiguration;
			buildSettings = {
				ASSETCATALOG_COMPILER_APPICON_NAME = AppIcon;
				CODE_SIGN_STYLE = Automatic;
				DEVELOPMENT_TEAM = 5NVKQW8KF4;
				ENABLE_BITCODE = NO;
				INFOPLIST_FILE = TestHudFrameWork/Info.plist;
				IPHONEOS_DEPLOYMENT_TARGET = 12.0;
				LD_RUNPATH_SEARCH_PATHS = (
					"$(inherited)",
					"@executable_path/Frameworks",
				);
				MTL_FAST_MATH = YES;
				ONLY_ACTIVE_ARCH = YES;
				PRODUCT_BUNDLE_IDENTIFIER = HudFramework.TestHudFrameWork;
				PRODUCT_NAME = "$(TARGET_NAME)";
				TARGETED_DEVICE_FAMILY = "1,2";
				VALID_ARCHS = "arm64 armv7 armv7s i386";
			};
			name = Release;
		};
		E2F185A0218C52A50054C710 /* Debug */ = {
			isa = XCBuildConfiguration;
			buildSettings = {
				BUNDLE_LOADER = "$(TEST_HOST)";
				CODE_SIGN_STYLE = Automatic;
				INFOPLIST_FILE = TestHudFrameWorkTests/Info.plist;
				IPHONEOS_DEPLOYMENT_TARGET = 12.0;
				LD_RUNPATH_SEARCH_PATHS = (
					"$(inherited)",
					"@executable_path/Frameworks",
					"@loader_path/Frameworks",
				);
				MTL_ENABLE_DEBUG_INFO = INCLUDE_SOURCE;
				MTL_FAST_MATH = YES;
				PRODUCT_BUNDLE_IDENTIFIER = HudFramework.TestHudFrameWorkTests;
				PRODUCT_NAME = "$(TARGET_NAME)";
				TARGETED_DEVICE_FAMILY = "1,2";
				TEST_HOST = "$(BUILT_PRODUCTS_DIR)/TestHudFrameWork.app/TestHudFrameWork";
			};
			name = Debug;
		};
		E2F185A1218C52A50054C710 /* Release */ = {
			isa = XCBuildConfiguration;
			buildSettings = {
				BUNDLE_LOADER = "$(TEST_HOST)";
				CODE_SIGN_STYLE = Automatic;
				INFOPLIST_FILE = TestHudFrameWorkTests/Info.plist;
				IPHONEOS_DEPLOYMENT_TARGET = 12.0;
				LD_RUNPATH_SEARCH_PATHS = (
					"$(inherited)",
					"@executable_path/Frameworks",
					"@loader_path/Frameworks",
				);
				MTL_FAST_MATH = YES;
				PRODUCT_BUNDLE_IDENTIFIER = HudFramework.TestHudFrameWorkTests;
				PRODUCT_NAME = "$(TARGET_NAME)";
				TARGETED_DEVICE_FAMILY = "1,2";
				TEST_HOST = "$(BUILT_PRODUCTS_DIR)/TestHudFrameWork.app/TestHudFrameWork";
			};
			name = Release;
		};
		E2F185A3218C52A50054C710 /* Debug */ = {
			isa = XCBuildConfiguration;
			buildSettings = {
				CODE_SIGN_STYLE = Automatic;
				INFOPLIST_FILE = TestHudFrameWorkUITests/Info.plist;
				IPHONEOS_DEPLOYMENT_TARGET = 12.0;
				LD_RUNPATH_SEARCH_PATHS = (
					"$(inherited)",
					"@executable_path/Frameworks",
					"@loader_path/Frameworks",
				);
				MTL_ENABLE_DEBUG_INFO = INCLUDE_SOURCE;
				MTL_FAST_MATH = YES;
				PRODUCT_BUNDLE_IDENTIFIER = HudFramework.TestHudFrameWorkUITests;
				PRODUCT_NAME = "$(TARGET_NAME)";
				TARGETED_DEVICE_FAMILY = "1,2";
				TEST_TARGET_NAME = TestHudFrameWork;
			};
			name = Debug;
		};
		E2F185A4218C52A50054C710 /* Release */ = {
			isa = XCBuildConfiguration;
			buildSettings = {
				CODE_SIGN_STYLE = Automatic;
				INFOPLIST_FILE = TestHudFrameWorkUITests/Info.plist;
				IPHONEOS_DEPLOYMENT_TARGET = 12.0;
				LD_RUNPATH_SEARCH_PATHS = (
					"$(inherited)",
					"@executable_path/Frameworks",
					"@loader_path/Frameworks",
				);
				MTL_FAST_MATH = YES;
				PRODUCT_BUNDLE_IDENTIFIER = HudFramework.TestHudFrameWorkUITests;
				PRODUCT_NAME = "$(TARGET_NAME)";
				TARGETED_DEVICE_FAMILY = "1,2";
				TEST_TARGET_NAME = TestHudFrameWork;
			};
			name = Release;
		};
/* End XCBuildConfiguration section */

/* Begin XCConfigurationList section */
		E255F9A5218AB756009AE396 /* Build configuration list for PBXProject "HudFramework" */ = {
			isa = XCConfigurationList;
			buildConfigurations = (
				E255F9BD218AB757009AE396 /* Debug */,
				E255F9BE218AB757009AE396 /* Release */,
			);
			defaultConfigurationIsVisible = 0;
			defaultConfigurationName = Release;
		};
		E255F9BF218AB757009AE396 /* Build configuration list for PBXNativeTarget "HudFramework" */ = {
			isa = XCConfigurationList;
			buildConfigurations = (
				E255F9C0218AB757009AE396 /* Debug */,
				E255F9C1218AB757009AE396 /* Release */,
			);
			defaultConfigurationIsVisible = 0;
			defaultConfigurationName = Release;
		};
		E255F9C2218AB757009AE396 /* Build configuration list for PBXNativeTarget "HudFrameworkTests" */ = {
			isa = XCConfigurationList;
			buildConfigurations = (
				E255F9C3218AB757009AE396 /* Debug */,
				E255F9C4218AB757009AE396 /* Release */,
			);
			defaultConfigurationIsVisible = 0;
			defaultConfigurationName = Release;
		};
		E255F9C6218ABC93009AE396 /* Build configuration list for PBXAggregateTarget "HUD-Universal" */ = {
			isa = XCConfigurationList;
			buildConfigurations = (
				E255F9C7218ABC93009AE396 /* Debug */,
				E255F9C8218ABC93009AE396 /* Release */,
			);
			defaultConfigurationIsVisible = 0;
			defaultConfigurationName = Release;
		};
		E2F1859C218C52A50054C710 /* Build configuration list for PBXNativeTarget "TestHudFrameWork" */ = {
			isa = XCConfigurationList;
			buildConfigurations = (
				E2F1859D218C52A50054C710 /* Debug */,
				E2F1859E218C52A50054C710 /* Release */,
			);
			defaultConfigurationIsVisible = 0;
			defaultConfigurationName = Release;
		};
		E2F1859F218C52A50054C710 /* Build configuration list for PBXNativeTarget "TestHudFrameWorkTests" */ = {
			isa = XCConfigurationList;
			buildConfigurations = (
				E2F185A0218C52A50054C710 /* Debug */,
				E2F185A1218C52A50054C710 /* Release */,
			);
			defaultConfigurationIsVisible = 0;
			defaultConfigurationName = Release;
		};
		E2F185A2218C52A50054C710 /* Build configuration list for PBXNativeTarget "TestHudFrameWorkUITests" */ = {
			isa = XCConfigurationList;
			buildConfigurations = (
				E2F185A3218C52A50054C710 /* Debug */,
				E2F185A4218C52A50054C710 /* Release */,
			);
			defaultConfigurationIsVisible = 0;
			defaultConfigurationName = Release;
		};
/* End XCConfigurationList section */
	};
	rootObject = E255F9A2218AB756009AE396 /* Project object */;
}
